
Microsoft Visual Studio Solution File, Format Version 12.00
# Visual Studio Version 17
VisualStudioVersion = 17.13.35919.96
MinimumVisualStudioVersion = 10.0.40219.1
Project("{FAE04EC0-301F-11D3-BF4B-00C04F79EFBC}") = "Million.API", "Million.API\Million.API.csproj", "{552CE0F1-DF81-4D0B-8747-7781018CBD80}"
EndProject
Project("{FAE04EC0-301F-11D3-BF4B-00C04F79EFBC}") = "Million.Application", "Million.Application\Million.Application.csproj", "{E4CC2C44-1DD2-45B4-B81B-5EE44AD98FBB}"
EndProject
Project("{FAE04EC0-301F-11D3-BF4B-00C04F79EFBC}") = "Million.Domain", "Million.Domain\Million.Domain.csproj", "{A7B6184A-448E-4A98-B067-2B4721DC14B5}"
EndProject
Project("{FAE04EC0-301F-11D3-BF4B-00C04F79EFBC}") = "Million.Infrastructure", "Million.Infrastructure\Million.Infrastructure.csproj", "{8ECDD9ED-E790-4322-88AB-0B5CF0525696}"
EndProject
Project("{FAE04EC0-301F-11D3-BF4B-00C04F79EFBC}") = "Million.Test", "Million.Test\Million.Test.csproj", "{04BC1D58-1912-41D9-8118-2C8140ADDD5C}"
EndProject
Global
	GlobalSection(SolutionConfigurationPlatforms) = preSolution
		Debug|Any CPU = Debug|Any CPU
		Release|Any CPU = Release|Any CPU
	EndGlobalSection
	GlobalSection(ProjectConfigurationPlatforms) = postSolution
		{552CE0F1-DF81-4D0B-8747-7781018CBD80}.Debug|Any CPU.ActiveCfg = Debug|Any CPU
		{552CE0F1-DF81-4D0B-8747-7781018CBD80}.Debug|Any CPU.Build.0 = Debug|Any CPU
		{552CE0F1-DF81-4D0B-8747-7781018CBD80}.Release|Any CPU.ActiveCfg = Release|Any CPU
		{552CE0F1-DF81-4D0B-8747-7781018CBD80}.Release|Any CPU.Build.0 = Release|Any CPU
		{E4CC2C44-1DD2-45B4-B81B-5EE44AD98FBB}.Debug|Any CPU.ActiveCfg = Debug|Any CPU
		{E4CC2C44-1DD2-45B4-B81B-5EE44AD98FBB}.Debug|Any CPU.Build.0 = Debug|Any CPU
		{E4CC2C44-1DD2-45B4-B81B-5EE44AD98FBB}.Release|Any CPU.ActiveCfg = Release|Any CPU
		{E4CC2C44-1DD2-45B4-B81B-5EE44AD98FBB}.Release|Any CPU.Build.0 = Release|Any CPU
		{A7B6184A-448E-4A98-B067-2B4721DC14B5}.Debug|Any CPU.ActiveCfg = Debug|Any CPU
		{A7B6184A-448E-4A98-B067-2B4721DC14B5}.Debug|Any CPU.Build.0 = Debug|Any CPU
		{A7B6184A-448E-4A98-B067-2B4721DC14B5}.Release|Any CPU.ActiveCfg = Release|Any CPU
		{A7B6184A-448E-4A98-B067-2B4721DC14B5}.Release|Any CPU.Build.0 = Release|Any CPU
		{8ECDD9ED-E790-4322-88AB-0B5CF0525696}.Debug|Any CPU.ActiveCfg = Debug|Any CPU
		{8ECDD9ED-E790-4322-88AB-0B5CF0525696}.Debug|Any CPU.Build.0 = Debug|Any CPU
		{8ECDD9ED-E790-4322-88AB-0B5CF0525696}.Release|Any CPU.ActiveCfg = Release|Any CPU
		{8ECDD9ED-E790-4322-88AB-0B5CF0525696}.Release|Any CPU.Build.0 = Release|Any CPU
		{04BC1D58-1912-41D9-8118-2C8140ADDD5C}.Debug|Any CPU.ActiveCfg = Debug|Any CPU
		{04BC1D58-1912-41D9-8118-2C8140ADDD5C}.Debug|Any CPU.Build.0 = Debug|Any CPU
		{04BC1D58-1912-41D9-8118-2C8140ADDD5C}.Release|Any CPU.ActiveCfg = Release|Any CPU
		{04BC1D58-1912-41D9-8118-2C8140ADDD5C}.Release|Any CPU.Build.0 = Release|Any CPU
	EndGlobalSection
	GlobalSection(SolutionProperties) = preSolution
		HideSolutionNode = FALSE
	EndGlobalSection
	GlobalSection(ExtensibilityGlobals) = postSolution
		SolutionGuid = {C6F7AC86-E1C5-45BF-8C56-DD43F5251480}
	EndGlobalSection
EndGlobal
